schema: '2.0'
stages:
  train_model:
    cmd: python src/train/training.py --config configs/trial_1.yaml
    deps:
    - path: configs/trial_1.yaml
      hash: md5
      md5: 3540d72dd11f87901144dfd236025d74
      size: 103
    - path: data/initial_data/target.csv
      hash: md5
      md5: 8dd4a468d94094f76af83d91a64a900e
      size: 2955
    - path: data/prepared_data/prepared_data.csv
      hash: md5
      md5: 8918c47ff213ee74f4eb74365b3aa7e3
      size: 85185
    - path: src/train/training.py
      hash: md5
      md5: c1349fc9eddb0c0d8f07dcac750c04f5
      size: 2695
    outs:
    - path: metrics/metrics.json
      hash: md5
      md5: b19bf62c67eeb6caf15f3d9205c51470
      size: 118
    - path: models/linear_model.pkl
      hash: md5
      md5: d953cff8a50184f7ffbed4e546b4142f
      size: 746
